
Microsoft Visual Studio Solution File, Format Version 12.00
# Visual Studio Version 17
VisualStudioVersion = 17.0.31912.275
MinimumVisualStudioVersion = 10.0.40219.1
Project("{FAE04EC0-301F-11D3-BF4B-00C04F79EFBC}") = "Concordium.Sdk", "src\Concordium.Sdk.csproj", "{5926362D-5379-4F12-8F1A-F3FA29EDA00F}"
EndProject
Project("{FAE04EC0-301F-11D3-BF4B-00C04F79EFBC}") = "Concordium.Sdk.Tests.UnitTests", "tests\Tests\UnitTests\Concordium.Sdk.Tests.UnitTests.csproj", "{FA99FA9D-C722-4BD4-BB6E-C83843EC5BA0}"
EndProject
Project("{2150E333-8FDC-42A3-9474-1A3956D46DE8}") = "examples", "examples", "{D86A7796-6AD5-48CA-9DC6-415CC53629B6}"
EndProject
Project("{FAE04EC0-301F-11D3-BF4B-00C04F79EFBC}") = "GetBlockItemStatus", "examples\GetBlockItemStatus\GetBlockItemStatus.csproj", "{CAC92E03-8FC8-474A-93F0-B31119CEE0BF}"
EndProject
Project("{FAE04EC0-301F-11D3-BF4B-00C04F79EFBC}") = "Common", "examples\Common\Common.csproj", "{DEFCB599-F5A6-4CD1-806A-4F77BC378562}"
EndProject
Project("{FAE04EC0-301F-11D3-BF4B-00C04F79EFBC}") = "RawClient.GetAccountInfo", "examples\GetAccountInfo\RawClient.GetAccountInfo.csproj", "{4E33ED67-3DDA-4773-8617-A923C01DF25F}"
EndProject
Project("{FAE04EC0-301F-11D3-BF4B-00C04F79EFBC}") = "RawClient.GetBlockTransactionEvents", "examples\GetBlockTransactionEvents\RawClient.GetBlockTransactionEvents.csproj", "{A287487F-FC26-4A4C-8E3B-8BD439A5E26D}"
EndProject
Project("{FAE04EC0-301F-11D3-BF4B-00C04F79EFBC}") = "RawClient.GetFinalizedBlocks", "examples\GetFinalizedBlocks\RawClient.GetFinalizedBlocks.csproj", "{56150E5B-8B00-494A-A944-17B401114F68}"
EndProject
Project("{FAE04EC0-301F-11D3-BF4B-00C04F79EFBC}") = "Transactions.RegisterData", "examples\RegisterData\Transactions.RegisterData.csproj", "{0C7596CB-5086-482C-B3F9-CEE1718CA2A8}"
EndProject
Project("{FAE04EC0-301F-11D3-BF4B-00C04F79EFBC}") = "Transactions.Transfer", "examples\Transfer\Transactions.Transfer.csproj", "{0DF7042F-CEB2-41BF-898C-878E4F69748E}"
EndProject
Project("{FAE04EC0-301F-11D3-BF4B-00C04F79EFBC}") = "Transactions.TransferWithMemo", "examples\TransferWithMemo\Transactions.TransferWithMemo.csproj", "{8D147631-91A8-451D-BB4C-02E01FC01B2E}"
EndProject
Global
	GlobalSection(SolutionConfigurationPlatforms) = preSolution
		Debug|Any CPU = Debug|Any CPU
		Release|Any CPU = Release|Any CPU
	EndGlobalSection
	GlobalSection(ProjectConfigurationPlatforms) = postSolution
		{07DDF416-A5DE-45F7-AC69-2774089289E2}.Debug|Any CPU.ActiveCfg = Debug|Any CPU
		{07DDF416-A5DE-45F7-AC69-2774089289E2}.Debug|Any CPU.Build.0 = Debug|Any CPU
		{07DDF416-A5DE-45F7-AC69-2774089289E2}.Release|Any CPU.ActiveCfg = Release|Any CPU
		{07DDF416-A5DE-45F7-AC69-2774089289E2}.Release|Any CPU.Build.0 = Release|Any CPU
		{5926362D-5379-4F12-8F1A-F3FA29EDA00F}.Debug|Any CPU.ActiveCfg = Debug|Any CPU
		{5926362D-5379-4F12-8F1A-F3FA29EDA00F}.Debug|Any CPU.Build.0 = Debug|Any CPU
		{5926362D-5379-4F12-8F1A-F3FA29EDA00F}.Release|Any CPU.ActiveCfg = Release|Any CPU
		{5926362D-5379-4F12-8F1A-F3FA29EDA00F}.Release|Any CPU.Build.0 = Release|Any CPU
		{FA99FA9D-C722-4BD4-BB6E-C83843EC5BA0}.Debug|Any CPU.ActiveCfg = Debug|Any CPU
		{FA99FA9D-C722-4BD4-BB6E-C83843EC5BA0}.Debug|Any CPU.Build.0 = Debug|Any CPU
		{FA99FA9D-C722-4BD4-BB6E-C83843EC5BA0}.Release|Any CPU.ActiveCfg = Release|Any CPU
		{FA99FA9D-C722-4BD4-BB6E-C83843EC5BA0}.Release|Any CPU.Build.0 = Release|Any CPU
		{CAC92E03-8FC8-474A-93F0-B31119CEE0BF}.Debug|Any CPU.ActiveCfg = Debug|Any CPU
		{CAC92E03-8FC8-474A-93F0-B31119CEE0BF}.Debug|Any CPU.Build.0 = Debug|Any CPU
		{CAC92E03-8FC8-474A-93F0-B31119CEE0BF}.Release|Any CPU.ActiveCfg = Release|Any CPU
		{CAC92E03-8FC8-474A-93F0-B31119CEE0BF}.Release|Any CPU.Build.0 = Release|Any CPU
		{DEFCB599-F5A6-4CD1-806A-4F77BC378562}.Debug|Any CPU.ActiveCfg = Debug|Any CPU
		{DEFCB599-F5A6-4CD1-806A-4F77BC378562}.Debug|Any CPU.Build.0 = Debug|Any CPU
		{DEFCB599-F5A6-4CD1-806A-4F77BC378562}.Release|Any CPU.ActiveCfg = Release|Any CPU
		{DEFCB599-F5A6-4CD1-806A-4F77BC378562}.Release|Any CPU.Build.0 = Release|Any CPU
		{4E33ED67-3DDA-4773-8617-A923C01DF25F}.Debug|Any CPU.ActiveCfg = Debug|Any CPU
		{4E33ED67-3DDA-4773-8617-A923C01DF25F}.Debug|Any CPU.Build.0 = Debug|Any CPU
		{4E33ED67-3DDA-4773-8617-A923C01DF25F}.Release|Any CPU.ActiveCfg = Release|Any CPU
		{4E33ED67-3DDA-4773-8617-A923C01DF25F}.Release|Any CPU.Build.0 = Release|Any CPU
		{A287487F-FC26-4A4C-8E3B-8BD439A5E26D}.Debug|Any CPU.ActiveCfg = Debug|Any CPU
		{A287487F-FC26-4A4C-8E3B-8BD439A5E26D}.Debug|Any CPU.Build.0 = Debug|Any CPU
		{A287487F-FC26-4A4C-8E3B-8BD439A5E26D}.Release|Any CPU.ActiveCfg = Release|Any CPU
		{A287487F-FC26-4A4C-8E3B-8BD439A5E26D}.Release|Any CPU.Build.0 = Release|Any CPU
		{56150E5B-8B00-494A-A944-17B401114F68}.Debug|Any CPU.ActiveCfg = Debug|Any CPU
		{56150E5B-8B00-494A-A944-17B401114F68}.Debug|Any CPU.Build.0 = Debug|Any CPU
		{56150E5B-8B00-494A-A944-17B401114F68}.Release|Any CPU.ActiveCfg = Release|Any CPU
		{56150E5B-8B00-494A-A944-17B401114F68}.Release|Any CPU.Build.0 = Release|Any CPU
		{0C7596CB-5086-482C-B3F9-CEE1718CA2A8}.Debug|Any CPU.ActiveCfg = Debug|Any CPU
		{0C7596CB-5086-482C-B3F9-CEE1718CA2A8}.Debug|Any CPU.Build.0 = Debug|Any CPU
		{0C7596CB-5086-482C-B3F9-CEE1718CA2A8}.Release|Any CPU.ActiveCfg = Release|Any CPU
		{0C7596CB-5086-482C-B3F9-CEE1718CA2A8}.Release|Any CPU.Build.0 = Release|Any CPU
		{0DF7042F-CEB2-41BF-898C-878E4F69748E}.Debug|Any CPU.ActiveCfg = Debug|Any CPU
		{0DF7042F-CEB2-41BF-898C-878E4F69748E}.Debug|Any CPU.Build.0 = Debug|Any CPU
		{0DF7042F-CEB2-41BF-898C-878E4F69748E}.Release|Any CPU.ActiveCfg = Release|Any CPU
		{0DF7042F-CEB2-41BF-898C-878E4F69748E}.Release|Any CPU.Build.0 = Release|Any CPU
		{8D147631-91A8-451D-BB4C-02E01FC01B2E}.Debug|Any CPU.ActiveCfg = Debug|Any CPU
		{8D147631-91A8-451D-BB4C-02E01FC01B2E}.Debug|Any CPU.Build.0 = Debug|Any CPU
		{8D147631-91A8-451D-BB4C-02E01FC01B2E}.Release|Any CPU.ActiveCfg = Release|Any CPU
		{8D147631-91A8-451D-BB4C-02E01FC01B2E}.Release|Any CPU.Build.0 = Release|Any CPU
	EndGlobalSection
	GlobalSection(SolutionProperties) = preSolution
		HideSolutionNode = FALSE
	EndGlobalSection
	GlobalSection(ExtensibilityGlobals) = postSolution
		SolutionGuid = {D9EB56EA-568E-4763-9538-FA327D35D016}
	EndGlobalSection
	GlobalSection(NestedProjects) = preSolution
		{CAC92E03-8FC8-474A-93F0-B31119CEE0BF} = {D86A7796-6AD5-48CA-9DC6-415CC53629B6}
		{DEFCB599-F5A6-4CD1-806A-4F77BC378562} = {D86A7796-6AD5-48CA-9DC6-415CC53629B6}
		{4E33ED67-3DDA-4773-8617-A923C01DF25F} = {D86A7796-6AD5-48CA-9DC6-415CC53629B6}
		{A287487F-FC26-4A4C-8E3B-8BD439A5E26D} = {D86A7796-6AD5-48CA-9DC6-415CC53629B6}
		{56150E5B-8B00-494A-A944-17B401114F68} = {D86A7796-6AD5-48CA-9DC6-415CC53629B6}
		{0C7596CB-5086-482C-B3F9-CEE1718CA2A8} = {D86A7796-6AD5-48CA-9DC6-415CC53629B6}
		{0DF7042F-CEB2-41BF-898C-878E4F69748E} = {D86A7796-6AD5-48CA-9DC6-415CC53629B6}
		{8D147631-91A8-451D-BB4C-02E01FC01B2E} = {D86A7796-6AD5-48CA-9DC6-415CC53629B6}
	EndGlobalSection
EndGlobal
