
Microsoft Visual Studio Solution File, Format Version 12.00
# Visual Studio Version 17
VisualStudioVersion = 17.0.31912.275
MinimumVisualStudioVersion = 10.0.40219.1
Project("{FAE04EC0-301F-11D3-BF4B-00C04F79EFBC}") = "Concordium.Sdk", "src\Concordium.Sdk.csproj", "{5926362D-5379-4F12-8F1A-F3FA29EDA00F}"
EndProject
Project("{FAE04EC0-301F-11D3-BF4B-00C04F79EFBC}") = "Concordium.Sdk.Tests.UnitTests", "tests\Tests\UnitTests\Concordium.Sdk.Tests.UnitTests.csproj", "{FA99FA9D-C722-4BD4-BB6E-C83843EC5BA0}"
EndProject
Project("{FAE04EC0-301F-11D3-BF4B-00C04F79EFBC}") = "Concordium.Sdk.Examples.RawClient.GetAccountInfo", "examples\Examples\RawClient\GetAccountInfo\Concordium.Sdk.Examples.RawClient.GetAccountInfo.csproj", "{B5E9C218-21CD-42E9-BB37-1D7AB3BAB2C6}"
EndProject
Project("{FAE04EC0-301F-11D3-BF4B-00C04F79EFBC}") = "Concordium.Sdk.Examples.RawClient.GetBlockTransactionEvents", "examples\Examples\RawClient\GetBlockTransactionEvents\Concordium.Sdk.Examples.RawClient.GetBlockTransactionEvents.csproj", "{0E117FB5-D225-40F1-AB56-BF92350E573B}"
EndProject
Project("{FAE04EC0-301F-11D3-BF4B-00C04F79EFBC}") = "Concordium.Sdk.Examples.RawClient.GetFinalizedBlocks", "examples\Examples\RawClient\GetFinalizedBlocks\Concordium.Sdk.Examples.RawClient.GetFinalizedBlocks.csproj", "{F3AED5FA-4BB6-4ADC-A155-C94A2F7A2C1F}"
EndProject
Project("{FAE04EC0-301F-11D3-BF4B-00C04F79EFBC}") = "Concordium.Sdk.Examples.Transactions.RegisterData", "examples\Examples\Transactions\RegisterData\Concordium.Sdk.Examples.Transactions.RegisterData.csproj", "{4FF4E689-3B03-4754-A7DF-E15B6A79D5F8}"
EndProject
Project("{FAE04EC0-301F-11D3-BF4B-00C04F79EFBC}") = "Concordium.Sdk.Examples.Transactions.Transfer", "examples\Examples\Transactions\Transfer\Concordium.Sdk.Examples.Transactions.Transfer.csproj", "{506A963D-B243-4DE8-B04C-7A30A2A7AAA7}"
EndProject
Project("{FAE04EC0-301F-11D3-BF4B-00C04F79EFBC}") = "Concordium.Sdk.Examples.Transactions.TransferWithMemo", "examples\Examples\Transactions\TransferWithMemo\Concordium.Sdk.Examples.Transactions.TransferWithMemo.csproj", "{E3006800-82A4-495E-8886-BC98F858875C}"
EndProject
Project("{FAE04EC0-301F-11D3-BF4B-00C04F79EFBC}") = "Concordium.Sdk.Examples.Common", "examples\Examples\Common\Concordium.Sdk.Examples.Common.csproj", "{F5B375A5-F7A7-4D01-A24F-62F4DA9D7659}"
EndProject
Project("{FAE04EC0-301F-11D3-BF4B-00C04F79EFBC}") = "Concordium.Sdk.Examples.Transactions.GetBlockItemStatus", "examples\Examples\Transactions\GetBlockItemStatus\Concordium.Sdk.Examples.Transactions.GetBlockItemStatus.csproj", "{7D878D67-5FDD-46C3-956B-19195F62EE5A}"
EndProject
Project("{FAE04EC0-301F-11D3-BF4B-00C04F79EFBC}") = "Concordium.Sdk.Examples", "Concordium.Sdk.Examples\Concordium.Sdk.Examples.csproj", "{9A169C1D-FBCA-48E4-933F-B71391021138}"
EndProject
Global
	GlobalSection(SolutionConfigurationPlatforms) = preSolution
		Debug|Any CPU = Debug|Any CPU
		Release|Any CPU = Release|Any CPU
	EndGlobalSection
	GlobalSection(ProjectConfigurationPlatforms) = postSolution
		{07DDF416-A5DE-45F7-AC69-2774089289E2}.Debug|Any CPU.ActiveCfg = Debug|Any CPU
		{07DDF416-A5DE-45F7-AC69-2774089289E2}.Debug|Any CPU.Build.0 = Debug|Any CPU
		{07DDF416-A5DE-45F7-AC69-2774089289E2}.Release|Any CPU.ActiveCfg = Release|Any CPU
		{07DDF416-A5DE-45F7-AC69-2774089289E2}.Release|Any CPU.Build.0 = Release|Any CPU
		{5926362D-5379-4F12-8F1A-F3FA29EDA00F}.Debug|Any CPU.ActiveCfg = Debug|Any CPU
		{5926362D-5379-4F12-8F1A-F3FA29EDA00F}.Debug|Any CPU.Build.0 = Debug|Any CPU
		{5926362D-5379-4F12-8F1A-F3FA29EDA00F}.Release|Any CPU.ActiveCfg = Release|Any CPU
		{5926362D-5379-4F12-8F1A-F3FA29EDA00F}.Release|Any CPU.Build.0 = Release|Any CPU
		{FA99FA9D-C722-4BD4-BB6E-C83843EC5BA0}.Debug|Any CPU.ActiveCfg = Debug|Any CPU
		{FA99FA9D-C722-4BD4-BB6E-C83843EC5BA0}.Debug|Any CPU.Build.0 = Debug|Any CPU
		{FA99FA9D-C722-4BD4-BB6E-C83843EC5BA0}.Release|Any CPU.ActiveCfg = Release|Any CPU
		{FA99FA9D-C722-4BD4-BB6E-C83843EC5BA0}.Release|Any CPU.Build.0 = Release|Any CPU
		{B5E9C218-21CD-42E9-BB37-1D7AB3BAB2C6}.Debug|Any CPU.ActiveCfg = Debug|Any CPU
		{B5E9C218-21CD-42E9-BB37-1D7AB3BAB2C6}.Debug|Any CPU.Build.0 = Debug|Any CPU
		{B5E9C218-21CD-42E9-BB37-1D7AB3BAB2C6}.Release|Any CPU.ActiveCfg = Release|Any CPU
		{B5E9C218-21CD-42E9-BB37-1D7AB3BAB2C6}.Release|Any CPU.Build.0 = Release|Any CPU
		{0E117FB5-D225-40F1-AB56-BF92350E573B}.Debug|Any CPU.ActiveCfg = Debug|Any CPU
		{0E117FB5-D225-40F1-AB56-BF92350E573B}.Debug|Any CPU.Build.0 = Debug|Any CPU
		{0E117FB5-D225-40F1-AB56-BF92350E573B}.Release|Any CPU.ActiveCfg = Release|Any CPU
		{0E117FB5-D225-40F1-AB56-BF92350E573B}.Release|Any CPU.Build.0 = Release|Any CPU
		{F3AED5FA-4BB6-4ADC-A155-C94A2F7A2C1F}.Debug|Any CPU.ActiveCfg = Debug|Any CPU
		{F3AED5FA-4BB6-4ADC-A155-C94A2F7A2C1F}.Debug|Any CPU.Build.0 = Debug|Any CPU
		{F3AED5FA-4BB6-4ADC-A155-C94A2F7A2C1F}.Release|Any CPU.ActiveCfg = Release|Any CPU
		{F3AED5FA-4BB6-4ADC-A155-C94A2F7A2C1F}.Release|Any CPU.Build.0 = Release|Any CPU
		{4FF4E689-3B03-4754-A7DF-E15B6A79D5F8}.Debug|Any CPU.ActiveCfg = Debug|Any CPU
		{4FF4E689-3B03-4754-A7DF-E15B6A79D5F8}.Debug|Any CPU.Build.0 = Debug|Any CPU
		{4FF4E689-3B03-4754-A7DF-E15B6A79D5F8}.Release|Any CPU.ActiveCfg = Release|Any CPU
		{4FF4E689-3B03-4754-A7DF-E15B6A79D5F8}.Release|Any CPU.Build.0 = Release|Any CPU
		{506A963D-B243-4DE8-B04C-7A30A2A7AAA7}.Debug|Any CPU.ActiveCfg = Debug|Any CPU
		{506A963D-B243-4DE8-B04C-7A30A2A7AAA7}.Debug|Any CPU.Build.0 = Debug|Any CPU
		{506A963D-B243-4DE8-B04C-7A30A2A7AAA7}.Release|Any CPU.ActiveCfg = Release|Any CPU
		{506A963D-B243-4DE8-B04C-7A30A2A7AAA7}.Release|Any CPU.Build.0 = Release|Any CPU
		{E3006800-82A4-495E-8886-BC98F858875C}.Debug|Any CPU.ActiveCfg = Debug|Any CPU
		{E3006800-82A4-495E-8886-BC98F858875C}.Debug|Any CPU.Build.0 = Debug|Any CPU
		{E3006800-82A4-495E-8886-BC98F858875C}.Release|Any CPU.ActiveCfg = Release|Any CPU
		{E3006800-82A4-495E-8886-BC98F858875C}.Release|Any CPU.Build.0 = Release|Any CPU
		{F5B375A5-F7A7-4D01-A24F-62F4DA9D7659}.Debug|Any CPU.ActiveCfg = Debug|Any CPU
		{F5B375A5-F7A7-4D01-A24F-62F4DA9D7659}.Debug|Any CPU.Build.0 = Debug|Any CPU
		{F5B375A5-F7A7-4D01-A24F-62F4DA9D7659}.Release|Any CPU.ActiveCfg = Release|Any CPU
		{F5B375A5-F7A7-4D01-A24F-62F4DA9D7659}.Release|Any CPU.Build.0 = Release|Any CPU
		{7D878D67-5FDD-46C3-956B-19195F62EE5A}.Debug|Any CPU.ActiveCfg = Debug|Any CPU
		{7D878D67-5FDD-46C3-956B-19195F62EE5A}.Debug|Any CPU.Build.0 = Debug|Any CPU
		{7D878D67-5FDD-46C3-956B-19195F62EE5A}.Release|Any CPU.ActiveCfg = Release|Any CPU
		{7D878D67-5FDD-46C3-956B-19195F62EE5A}.Release|Any CPU.Build.0 = Release|Any CPU
		{9A169C1D-FBCA-48E4-933F-B71391021138}.Debug|Any CPU.ActiveCfg = Debug|Any CPU
		{9A169C1D-FBCA-48E4-933F-B71391021138}.Debug|Any CPU.Build.0 = Debug|Any CPU
		{9A169C1D-FBCA-48E4-933F-B71391021138}.Release|Any CPU.ActiveCfg = Release|Any CPU
		{9A169C1D-FBCA-48E4-933F-B71391021138}.Release|Any CPU.Build.0 = Release|Any CPU
	EndGlobalSection
	GlobalSection(SolutionProperties) = preSolution
		HideSolutionNode = FALSE
	EndGlobalSection
	GlobalSection(ExtensibilityGlobals) = postSolution
		SolutionGuid = {D9EB56EA-568E-4763-9538-FA327D35D016}
	EndGlobalSection
EndGlobal
