
Microsoft Visual Studio Solution File, Format Version 12.00
# Visual Studio Version 17
VisualStudioVersion = 17.0.31912.275
MinimumVisualStudioVersion = 10.0.40219.1
Project("{9A19103F-16F7-4668-BE54-9A1E7A4F7556}") = "ConcordiumNetSdk", "src\ConcordiumNetSdk\ConcordiumNetSdk.csproj", "{9B455DC8-B80A-4E11-A8B8-0DD4CD47E31B}"
EndProject
Project("{9A19103F-16F7-4668-BE54-9A1E7A4F7556}") = "ConcordiumNetSdk.TestConsoleApp", "src\ConcordiumNetSdk.TestConsoleApp\ConcordiumNetSdk.TestConsoleApp.csproj", "{07DDF416-A5DE-45F7-AC69-2774089289E2}"
EndProject
Project("{FAE04EC0-301F-11D3-BF4B-00C04F79EFBC}") = "ConcordiumNetSdk.UnitTests", "tests\ConcordiumNetSdk.UnitTests\ConcordiumNetSdk.UnitTests.csproj", "{E4EEF5B3-C756-43AC-B10B-8C3FBFD70ECE}"
EndProject
Global
	GlobalSection(SolutionConfigurationPlatforms) = preSolution
		Debug|Any CPU = Debug|Any CPU
		Release|Any CPU = Release|Any CPU
	EndGlobalSection
	GlobalSection(ProjectConfigurationPlatforms) = postSolution
		{9B455DC8-B80A-4E11-A8B8-0DD4CD47E31B}.Debug|Any CPU.ActiveCfg = Debug|Any CPU
		{9B455DC8-B80A-4E11-A8B8-0DD4CD47E31B}.Debug|Any CPU.Build.0 = Debug|Any CPU
		{9B455DC8-B80A-4E11-A8B8-0DD4CD47E31B}.Release|Any CPU.ActiveCfg = Release|Any CPU
		{9B455DC8-B80A-4E11-A8B8-0DD4CD47E31B}.Release|Any CPU.Build.0 = Release|Any CPU
		{07DDF416-A5DE-45F7-AC69-2774089289E2}.Debug|Any CPU.ActiveCfg = Debug|Any CPU
		{07DDF416-A5DE-45F7-AC69-2774089289E2}.Debug|Any CPU.Build.0 = Debug|Any CPU
		{07DDF416-A5DE-45F7-AC69-2774089289E2}.Release|Any CPU.ActiveCfg = Release|Any CPU
		{07DDF416-A5DE-45F7-AC69-2774089289E2}.Release|Any CPU.Build.0 = Release|Any CPU
		{E4EEF5B3-C756-43AC-B10B-8C3FBFD70ECE}.Debug|Any CPU.ActiveCfg = Debug|Any CPU
		{E4EEF5B3-C756-43AC-B10B-8C3FBFD70ECE}.Debug|Any CPU.Build.0 = Debug|Any CPU
		{E4EEF5B3-C756-43AC-B10B-8C3FBFD70ECE}.Release|Any CPU.ActiveCfg = Release|Any CPU
		{E4EEF5B3-C756-43AC-B10B-8C3FBFD70ECE}.Release|Any CPU.Build.0 = Release|Any CPU
		{77AF8387-1594-4B85-83E5-BD7BCDC55908}.Debug|Any CPU.ActiveCfg = Debug|Any CPU
		{77AF8387-1594-4B85-83E5-BD7BCDC55908}.Debug|Any CPU.Build.0 = Debug|Any CPU
		{77AF8387-1594-4B85-83E5-BD7BCDC55908}.Release|Any CPU.ActiveCfg = Release|Any CPU
		{77AF8387-1594-4B85-83E5-BD7BCDC55908}.Release|Any CPU.Build.0 = Release|Any CPU
	EndGlobalSection
	GlobalSection(SolutionProperties) = preSolution
		HideSolutionNode = FALSE
	EndGlobalSection
	GlobalSection(NestedProjects) = preSolution
		{E4EEF5B3-C756-43AC-B10B-8C3FBFD70ECE} = {1888DC31-3282-4B42-A858-5B981B09F615}
		{77AF8387-1594-4B85-83E5-BD7BCDC55908} = {1888DC31-3282-4B42-A858-5B981B09F615}
	EndGlobalSection
	GlobalSection(ExtensibilityGlobals) = postSolution
		SolutionGuid = {D9EB56EA-568E-4763-9538-FA327D35D016}
	EndGlobalSection
EndGlobal
